
Microsoft Visual Studio Solution File, Format Version 12.00
# Visual Studio Version 17
VisualStudioVersion = 17.8.34322.80
MinimumVisualStudioVersion = 10.0.40219.1
Project("{9A19103F-16F7-4668-BE54-9A1E7A4F7556}") = "tgbot_testApi", "tgbot_testApi.csproj", "{CD16F0A7-B360-4136-B92B-D8D284C500A7}"
EndProject
Project("{2150E333-8FDC-42A3-9474-1A3956D46DE8}") = "Элементы решения", "Элементы решения", "{00B81CBD-CF7C-42D1-AD89-B99E96F9C32D}"
	ProjectSection(SolutionItems) = preProject
		appSettings.json = appSettings.json
	EndProjectSection
EndProject
Global
	GlobalSection(SolutionConfigurationPlatforms) = preSolution
		Debug|Any CPU = Debug|Any CPU
		Release|Any CPU = Release|Any CPU
	EndGlobalSection
	GlobalSection(ProjectConfigurationPlatforms) = postSolution
		{CD16F0A7-B360-4136-B92B-D8D284C500A7}.Debug|Any CPU.ActiveCfg = Debug|Any CPU
		{CD16F0A7-B360-4136-B92B-D8D284C500A7}.Debug|Any CPU.Build.0 = Debug|Any CPU
		{CD16F0A7-B360-4136-B92B-D8D284C500A7}.Release|Any CPU.ActiveCfg = Release|Any CPU
		{CD16F0A7-B360-4136-B92B-D8D284C500A7}.Release|Any CPU.Build.0 = Release|Any CPU
	EndGlobalSection
	GlobalSection(SolutionProperties) = preSolution
		HideSolutionNode = FALSE
	EndGlobalSection
	GlobalSection(ExtensibilityGlobals) = postSolution
		SolutionGuid = {2DC8F392-6BCF-4136-8C29-5F447423B806}
	EndGlobalSection
EndGlobal
